
Microsoft Visual Studio Solution File, Format Version 12.00
# Visual Studio Version 18
VisualStudioVersion = 18.1.11312.151
MinimumVisualStudioVersion = 10.0.40219.1
Project("{2150E333-8FDC-42A3-9474-1A3956D46DE8}") = "src", "src", "{827E0CD3-B72D-47B6-A68D-7590B98EB39B}"
EndProject
Project("{2150E333-8FDC-42A3-9474-1A3956D46DE8}") = "samples", "samples", "{2985B926-AB16-47F8-85F9-3B33CE2DEC35}"
EndProject
Project("{2150E333-8FDC-42A3-9474-1A3956D46DE8}") = "Solution Items", "Solution Items", "{89008026-5217-4D7D-A05F-8C740D8A743A}"
	ProjectSection(SolutionItems) = preProject
		BRANCHING-STRATEGY.md = BRANCHING-STRATEGY.md
		QUICK-START.md = QUICK-START.md
		README.md = README.md
		result-pattern-uml.mermaid = result-pattern-uml.mermaid
	EndProjectSection
EndProject
Project("{FAE04EC0-301F-11D3-BF4B-00C04F79EFBC}") = "REslava.Result", "src\REslava.Result.csproj", "{6BE0AC40-B105-65B5-3AB6-5E56F1F89AFA}"
EndProject
Project("{2150E333-8FDC-42A3-9474-1A3956D46DE8}") = "tests", "tests", "{0AB3BF05-4346-4AA6-1389-037BE0695223}"
EndProject
Project("{FAE04EC0-301F-11D3-BF4B-00C04F79EFBC}") = "REslava.Result.Tests", "tests\REslava.Result.Tests\REslava.Result.Tests.csproj", "{6EB24346-4374-4F27-B55B-80ACDBAC7369}"
EndProject
Project("{2150E333-8FDC-42A3-9474-1A3956D46DE8}") = "images", "images", "{24EECD78-7ED4-4E0D-8FAB-54E2BD8799EE}"
	ProjectSection(SolutionItems) = preProject
		UML-simple.md = UML-simple.md
		images\UML-simple.png = images\UML-simple.png
	EndProjectSection
EndProject
Project("{2150E333-8FDC-42A3-9474-1A3956D46DE8}") = "docs", "docs", "{839C7B35-3C9F-4B66-AB69-F2AE6C6BADFC}"
	ProjectSection(SolutionItems) = preProject
		UML.md = UML.md
	EndProjectSection
EndProject
Project("{FAE04EC0-301F-11D3-BF4B-00C04F79EFBC}") = "REslava.Result.Samples.Console", "samples\REslava.Result.Samples.Console\REslava.Result.Samples.Console.csproj", "{01FCC96C-D3F5-43FE-94EF-939F80E2AE0F}"
EndProject
Global
	GlobalSection(SolutionConfigurationPlatforms) = preSolution
		Debug|Any CPU = Debug|Any CPU
		Debug|x64 = Debug|x64
		Debug|x86 = Debug|x86
		Release|Any CPU = Release|Any CPU
		Release|x64 = Release|x64
		Release|x86 = Release|x86
	EndGlobalSection
	GlobalSection(ProjectConfigurationPlatforms) = postSolution
		{6BE0AC40-B105-65B5-3AB6-5E56F1F89AFA}.Debug|Any CPU.ActiveCfg = Debug|Any CPU
		{6BE0AC40-B105-65B5-3AB6-5E56F1F89AFA}.Debug|Any CPU.Build.0 = Debug|Any CPU
		{6BE0AC40-B105-65B5-3AB6-5E56F1F89AFA}.Debug|x64.ActiveCfg = Debug|Any CPU
		{6BE0AC40-B105-65B5-3AB6-5E56F1F89AFA}.Debug|x64.Build.0 = Debug|Any CPU
		{6BE0AC40-B105-65B5-3AB6-5E56F1F89AFA}.Debug|x86.ActiveCfg = Debug|Any CPU
		{6BE0AC40-B105-65B5-3AB6-5E56F1F89AFA}.Debug|x86.Build.0 = Debug|Any CPU
		{6BE0AC40-B105-65B5-3AB6-5E56F1F89AFA}.Release|Any CPU.ActiveCfg = Release|Any CPU
		{6BE0AC40-B105-65B5-3AB6-5E56F1F89AFA}.Release|Any CPU.Build.0 = Release|Any CPU
		{6BE0AC40-B105-65B5-3AB6-5E56F1F89AFA}.Release|x64.ActiveCfg = Release|Any CPU
		{6BE0AC40-B105-65B5-3AB6-5E56F1F89AFA}.Release|x64.Build.0 = Release|Any CPU
		{6BE0AC40-B105-65B5-3AB6-5E56F1F89AFA}.Release|x86.ActiveCfg = Release|Any CPU
		{6BE0AC40-B105-65B5-3AB6-5E56F1F89AFA}.Release|x86.Build.0 = Release|Any CPU
		{6EB24346-4374-4F27-B55B-80ACDBAC7369}.Debug|Any CPU.ActiveCfg = Debug|Any CPU
		{6EB24346-4374-4F27-B55B-80ACDBAC7369}.Debug|Any CPU.Build.0 = Debug|Any CPU
		{6EB24346-4374-4F27-B55B-80ACDBAC7369}.Debug|x64.ActiveCfg = Debug|Any CPU
		{6EB24346-4374-4F27-B55B-80ACDBAC7369}.Debug|x64.Build.0 = Debug|Any CPU
		{6EB24346-4374-4F27-B55B-80ACDBAC7369}.Debug|x86.ActiveCfg = Debug|Any CPU
		{6EB24346-4374-4F27-B55B-80ACDBAC7369}.Debug|x86.Build.0 = Debug|Any CPU
		{6EB24346-4374-4F27-B55B-80ACDBAC7369}.Release|Any CPU.ActiveCfg = Release|Any CPU
		{6EB24346-4374-4F27-B55B-80ACDBAC7369}.Release|Any CPU.Build.0 = Release|Any CPU
		{6EB24346-4374-4F27-B55B-80ACDBAC7369}.Release|x64.ActiveCfg = Release|Any CPU
		{6EB24346-4374-4F27-B55B-80ACDBAC7369}.Release|x64.Build.0 = Release|Any CPU
		{6EB24346-4374-4F27-B55B-80ACDBAC7369}.Release|x86.ActiveCfg = Release|Any CPU
		{6EB24346-4374-4F27-B55B-80ACDBAC7369}.Release|x86.Build.0 = Release|Any CPU
		{01FCC96C-D3F5-43FE-94EF-939F80E2AE0F}.Debug|Any CPU.ActiveCfg = Debug|Any CPU
		{01FCC96C-D3F5-43FE-94EF-939F80E2AE0F}.Debug|Any CPU.Build.0 = Debug|Any CPU
		{01FCC96C-D3F5-43FE-94EF-939F80E2AE0F}.Debug|x64.ActiveCfg = Debug|Any CPU
		{01FCC96C-D3F5-43FE-94EF-939F80E2AE0F}.Debug|x64.Build.0 = Debug|Any CPU
		{01FCC96C-D3F5-43FE-94EF-939F80E2AE0F}.Debug|x86.ActiveCfg = Debug|Any CPU
		{01FCC96C-D3F5-43FE-94EF-939F80E2AE0F}.Debug|x86.Build.0 = Debug|Any CPU
		{01FCC96C-D3F5-43FE-94EF-939F80E2AE0F}.Release|Any CPU.ActiveCfg = Release|Any CPU
		{01FCC96C-D3F5-43FE-94EF-939F80E2AE0F}.Release|Any CPU.Build.0 = Release|Any CPU
		{01FCC96C-D3F5-43FE-94EF-939F80E2AE0F}.Release|x64.ActiveCfg = Release|Any CPU
		{01FCC96C-D3F5-43FE-94EF-939F80E2AE0F}.Release|x64.Build.0 = Release|Any CPU
		{01FCC96C-D3F5-43FE-94EF-939F80E2AE0F}.Release|x86.ActiveCfg = Release|Any CPU
		{01FCC96C-D3F5-43FE-94EF-939F80E2AE0F}.Release|x86.Build.0 = Release|Any CPU
	EndGlobalSection
	GlobalSection(SolutionProperties) = preSolution
		HideSolutionNode = FALSE
	EndGlobalSection
	GlobalSection(NestedProjects) = preSolution
		{827E0CD3-B72D-47B6-A68D-7590B98EB39B} = {89008026-5217-4D7D-A05F-8C740D8A743A}
		{6BE0AC40-B105-65B5-3AB6-5E56F1F89AFA} = {827E0CD3-B72D-47B6-A68D-7590B98EB39B}
		{6EB24346-4374-4F27-B55B-80ACDBAC7369} = {0AB3BF05-4346-4AA6-1389-037BE0695223}
		{01FCC96C-D3F5-43FE-94EF-939F80E2AE0F} = {2985B926-AB16-47F8-85F9-3B33CE2DEC35}
	EndGlobalSection
	GlobalSection(ExtensibilityGlobals) = postSolution
		SolutionGuid = {4792301C-8894-47EF-B01A-714CAD3CFFA9}
	EndGlobalSection
EndGlobal
