
Microsoft Visual Studio Solution File, Format Version 12.00
# Visual Studio Version 18
VisualStudioVersion = 18.1.11312.151
MinimumVisualStudioVersion = 10.0.40219.1
Project("{2150E333-8FDC-42A3-9474-1A3956D46DE8}") = "samples", "samples", "{2985B926-AB16-47F8-85F9-3B33CE2DEC35}"
EndProject
Project("{2150E333-8FDC-42A3-9474-1A3956D46DE8}") = "tests", "tests", "{0AB3BF05-4346-4AA6-1389-037BE0695223}"
EndProject
Project("{FAE04EC0-301F-11D3-BF4B-00C04F79EFBC}") = "REslava.Result.Tests", "tests\REslava.Result.Tests\REslava.Result.Tests.csproj", "{6EB24346-4374-4F27-B55B-80ACDBAC7369}"
EndProject
Project("{2150E333-8FDC-42A3-9474-1A3956D46DE8}") = "images", "images", "{24EECD78-7ED4-4E0D-8FAB-54E2BD8799EE}"
	ProjectSection(SolutionItems) = preProject
		images\UML-simple.png = images\UML-simple.png
	EndProjectSection
EndProject
Project("{2150E333-8FDC-42A3-9474-1A3956D46DE8}") = "docs", "docs", "{839C7B35-3C9F-4B66-AB69-F2AE6C6BADFC}"
	ProjectSection(SolutionItems) = preProject
		CHANGELOG.md = CHANGELOG.md
		LICENSE.txt = LICENSE.txt
		QUICK-START.md = QUICK-START.md
		README.md = README.md
	EndProjectSection
EndProject
Project("{FAE04EC0-301F-11D3-BF4B-00C04F79EFBC}") = "REslava.Result.Samples.Console", "samples\REslava.Result.Samples.Console\REslava.Result.Samples.Console.csproj", "{01FCC96C-D3F5-43FE-94EF-939F80E2AE0F}"
EndProject
Project("{FAE04EC0-301F-11D3-BF4B-00C04F79EFBC}") = "REslava.Result.AspNetCore.Tests", "tests\REslava.Result.AspNetCore.Tests\REslava.Result.AspNetCore.Tests.csproj", "{0C6CE800-D744-44B7-B716-C80004B5D9C9}"
EndProject
Project("{2150E333-8FDC-42A3-9474-1A3956D46DE8}") = "src", "src", "{827E0CD3-B72D-47B6-A68D-7590B98EB39B}"
EndProject
Project("{FAE04EC0-301F-11D3-BF4B-00C04F79EFBC}") = "REslava.Result", "src\REslava.Result\REslava.Result.csproj", "{DAD9ED6F-4B29-E788-56AD-F78953942822}"
EndProject
Project("{FAE04EC0-301F-11D3-BF4B-00C04F79EFBC}") = "REslava.Result.AspNetCore", "src\REslava.Result.AspNetCore\REslava.Result.AspNetCore.csproj", "{9E1292C1-0624-CAAC-B0AD-0D445707D623}"
EndProject
Project("{2150E333-8FDC-42A3-9474-1A3956D46DE8}") = "Solution Items", "Solution Items", "{B6205A5F-D3C4-4E33-8109-9A4F25650EB3}"
EndProject
Project("{FAE04EC0-301F-11D3-BF4B-00C04F79EFBC}") = "REslava.Result.Analyzers", "src\REslava.Result.Analyzers\REslava.Result.Analyzers.csproj", "{3CE84FFF-35A2-44FD-B173-A72A9A03C672}"
EndProject
Project("{FAE04EC0-301F-11D3-BF4B-00C04F79EFBC}") = "REslava.Result.Analyzers.Tests", "tests\REslava.Result.Analyzers.Tests\REslava.Result.Analyzers.Tests.csproj", "{FDE49F90-4FA0-4C77-B97B-52B8372EE6A5}"
EndProject
Project("{FAE04EC0-301F-11D3-BF4B-00C04F79EFBC}") = "FastMvcAPI.REslava.Result.Demo", "samples\FastMvcAPI.REslava.Result.Demo\FastMvcAPI.REslava.Result.Demo.csproj", "{3C5B5F41-8CA5-46AF-8194-86E49B0DFD68}"
EndProject
Project("{FAE04EC0-301F-11D3-BF4B-00C04F79EFBC}") = "REslava.Result.FluentValidation", "src\REslava.Result.FluentValidation\REslava.Result.FluentValidation.csproj", "{D794E23C-DFC5-4D7C-9D52-077FEB580D08}"
EndProject
Project("{FAE04EC0-301F-11D3-BF4B-00C04F79EFBC}") = "REslava.Result.FluentValidation.Tests", "tests\REslava.Result.FluentValidation.Tests\REslava.Result.FluentValidation.Tests.csproj", "{42DAB400-27C8-437E-BC04-8E3A979CF6E2}"
EndProject
Project("{FAE04EC0-301F-11D3-BF4B-00C04F79EFBC}") = "REslava.Result.Http", "src\REslava.Result.Http\REslava.Result.Http.csproj", "{C5E4F3A2-B1D0-4E6F-9A8B-7C0D1E2F3A4B}"
EndProject
Project("{FAE04EC0-301F-11D3-BF4B-00C04F79EFBC}") = "REslava.Result.Http.Tests", "tests\REslava.Result.Http.Tests\REslava.Result.Http.Tests.csproj", "{D6F5A4B3-C2E1-5F70-AB9C-8D1E2F3A4B5C}"
EndProject
Project("{FAE04EC0-301F-11D3-BF4B-00C04F79EFBC}") = "REslava.ResultFlow", "src\REslava.ResultFlow\REslava.ResultFlow.csproj", "{E1A2B3C4-D5E6-F7A8-B9C0-D1E2F3A4B5C6}"
EndProject
Project("{FAE04EC0-301F-11D3-BF4B-00C04F79EFBC}") = "REslava.Result.OpenTelemetry", "src\REslava.Result.OpenTelemetry\REslava.Result.OpenTelemetry.csproj", "{B7A8C9D0-E1F2-3456-7890-ABCDEF012345}"
EndProject
Project("{FAE04EC0-301F-11D3-BF4B-00C04F79EFBC}") = "REslava.ResultFlow.Tests", "tests\REslava.ResultFlow.Tests\REslava.ResultFlow.Tests.csproj", "{F2B3C4D5-E6F7-A8B9-C0D1-E2F3A4B5C6D7}"
EndProject
Project("{FAE04EC0-301F-11D3-BF4B-00C04F79EFBC}") = "REslava.Result.Flow.Tests", "tests\REslava.Result.Flow.Tests\REslava.Result.Flow.Tests.csproj", "{50B39FA4-8C9A-448F-A3E9-2D6E887A5277}"
EndProject
Project("{FAE04EC0-301F-11D3-BF4B-00C04F79EFBC}") = "REslava.Result.Flow", "src\REslava.Result.Flow\REslava.Result.Flow.csproj", "{DDD9596F-C014-4500-AA94-14B3379D4BC0}"
EndProject
Project("{FAE04EC0-301F-11D3-BF4B-00C04F79EFBC}") = "REslava.Result.Flow.Demo", "samples\REslava.Result.Flow.Demo\REslava.Result.Flow.Demo.csproj", "{8C8D1C2E-2F68-4842-929E-2167F7E7AFC8}"
EndProject
Project("{FAE04EC0-301F-11D3-BF4B-00C04F79EFBC}") = "FastMinimalAPI.REslava.Result.Demo", "samples\FastMinimalAPI.REslava.Result.Demo\FastMinimalAPI.REslava.Result.Demo.csproj", "{BA9810F4-C216-4830-BA60-90EFD634C585}"
EndProject
Project("{FAE04EC0-301F-11D3-BF4B-00C04F79EFBC}") = "REslava.Result.Diagnostics", "src\REslava.Result.Diagnostics\REslava.Result.Diagnostics.csproj", "{66717C77-CB59-4520-8407-0F061AD9E0D5}"
EndProject
Project("{FAE04EC0-301F-11D3-BF4B-00C04F79EFBC}") = "REslava.Result.Diagnostics.Tests", "tests\REslava.Result.Diagnostics.Tests\REslava.Result.Diagnostics.Tests.csproj", "{B1A57864-EAA0-4F7D-8711-3F477CC1E55B}"
EndProject
Global
	GlobalSection(SolutionConfigurationPlatforms) = preSolution
		Debug|Any CPU = Debug|Any CPU
		Debug|x64 = Debug|x64
		Debug|x86 = Debug|x86
		Release|Any CPU = Release|Any CPU
		Release|x64 = Release|x64
		Release|x86 = Release|x86
	EndGlobalSection
	GlobalSection(ProjectConfigurationPlatforms) = postSolution
		{6EB24346-4374-4F27-B55B-80ACDBAC7369}.Debug|Any CPU.ActiveCfg = Debug|Any CPU
		{6EB24346-4374-4F27-B55B-80ACDBAC7369}.Debug|Any CPU.Build.0 = Debug|Any CPU
		{6EB24346-4374-4F27-B55B-80ACDBAC7369}.Debug|x64.ActiveCfg = Debug|Any CPU
		{6EB24346-4374-4F27-B55B-80ACDBAC7369}.Debug|x64.Build.0 = Debug|Any CPU
		{6EB24346-4374-4F27-B55B-80ACDBAC7369}.Debug|x86.ActiveCfg = Debug|Any CPU
		{6EB24346-4374-4F27-B55B-80ACDBAC7369}.Debug|x86.Build.0 = Debug|Any CPU
		{6EB24346-4374-4F27-B55B-80ACDBAC7369}.Release|Any CPU.ActiveCfg = Release|Any CPU
		{6EB24346-4374-4F27-B55B-80ACDBAC7369}.Release|Any CPU.Build.0 = Release|Any CPU
		{6EB24346-4374-4F27-B55B-80ACDBAC7369}.Release|x64.ActiveCfg = Release|Any CPU
		{6EB24346-4374-4F27-B55B-80ACDBAC7369}.Release|x64.Build.0 = Release|Any CPU
		{6EB24346-4374-4F27-B55B-80ACDBAC7369}.Release|x86.ActiveCfg = Release|Any CPU
		{6EB24346-4374-4F27-B55B-80ACDBAC7369}.Release|x86.Build.0 = Release|Any CPU
		{01FCC96C-D3F5-43FE-94EF-939F80E2AE0F}.Debug|Any CPU.ActiveCfg = Debug|Any CPU
		{01FCC96C-D3F5-43FE-94EF-939F80E2AE0F}.Debug|Any CPU.Build.0 = Debug|Any CPU
		{01FCC96C-D3F5-43FE-94EF-939F80E2AE0F}.Debug|x64.ActiveCfg = Debug|Any CPU
		{01FCC96C-D3F5-43FE-94EF-939F80E2AE0F}.Debug|x64.Build.0 = Debug|Any CPU
		{01FCC96C-D3F5-43FE-94EF-939F80E2AE0F}.Debug|x86.ActiveCfg = Debug|Any CPU
		{01FCC96C-D3F5-43FE-94EF-939F80E2AE0F}.Debug|x86.Build.0 = Debug|Any CPU
		{01FCC96C-D3F5-43FE-94EF-939F80E2AE0F}.Release|Any CPU.ActiveCfg = Release|Any CPU
		{01FCC96C-D3F5-43FE-94EF-939F80E2AE0F}.Release|Any CPU.Build.0 = Release|Any CPU
		{01FCC96C-D3F5-43FE-94EF-939F80E2AE0F}.Release|x64.ActiveCfg = Release|Any CPU
		{01FCC96C-D3F5-43FE-94EF-939F80E2AE0F}.Release|x64.Build.0 = Release|Any CPU
		{01FCC96C-D3F5-43FE-94EF-939F80E2AE0F}.Release|x86.ActiveCfg = Release|Any CPU
		{01FCC96C-D3F5-43FE-94EF-939F80E2AE0F}.Release|x86.Build.0 = Release|Any CPU
		{0C6CE800-D744-44B7-B716-C80004B5D9C9}.Debug|Any CPU.ActiveCfg = Debug|Any CPU
		{0C6CE800-D744-44B7-B716-C80004B5D9C9}.Debug|Any CPU.Build.0 = Debug|Any CPU
		{0C6CE800-D744-44B7-B716-C80004B5D9C9}.Debug|x64.ActiveCfg = Debug|Any CPU
		{0C6CE800-D744-44B7-B716-C80004B5D9C9}.Debug|x64.Build.0 = Debug|Any CPU
		{0C6CE800-D744-44B7-B716-C80004B5D9C9}.Debug|x86.ActiveCfg = Debug|Any CPU
		{0C6CE800-D744-44B7-B716-C80004B5D9C9}.Debug|x86.Build.0 = Debug|Any CPU
		{0C6CE800-D744-44B7-B716-C80004B5D9C9}.Release|Any CPU.ActiveCfg = Release|Any CPU
		{0C6CE800-D744-44B7-B716-C80004B5D9C9}.Release|Any CPU.Build.0 = Release|Any CPU
		{0C6CE800-D744-44B7-B716-C80004B5D9C9}.Release|x64.ActiveCfg = Release|Any CPU
		{0C6CE800-D744-44B7-B716-C80004B5D9C9}.Release|x64.Build.0 = Release|Any CPU
		{0C6CE800-D744-44B7-B716-C80004B5D9C9}.Release|x86.ActiveCfg = Release|Any CPU
		{0C6CE800-D744-44B7-B716-C80004B5D9C9}.Release|x86.Build.0 = Release|Any CPU
		{DAD9ED6F-4B29-E788-56AD-F78953942822}.Debug|Any CPU.ActiveCfg = Debug|Any CPU
		{DAD9ED6F-4B29-E788-56AD-F78953942822}.Debug|Any CPU.Build.0 = Debug|Any CPU
		{DAD9ED6F-4B29-E788-56AD-F78953942822}.Debug|x64.ActiveCfg = Debug|Any CPU
		{DAD9ED6F-4B29-E788-56AD-F78953942822}.Debug|x64.Build.0 = Debug|Any CPU
		{DAD9ED6F-4B29-E788-56AD-F78953942822}.Debug|x86.ActiveCfg = Debug|Any CPU
		{DAD9ED6F-4B29-E788-56AD-F78953942822}.Debug|x86.Build.0 = Debug|Any CPU
		{DAD9ED6F-4B29-E788-56AD-F78953942822}.Release|Any CPU.ActiveCfg = Release|Any CPU
		{DAD9ED6F-4B29-E788-56AD-F78953942822}.Release|Any CPU.Build.0 = Release|Any CPU
		{DAD9ED6F-4B29-E788-56AD-F78953942822}.Release|x64.ActiveCfg = Release|Any CPU
		{DAD9ED6F-4B29-E788-56AD-F78953942822}.Release|x64.Build.0 = Release|Any CPU
		{DAD9ED6F-4B29-E788-56AD-F78953942822}.Release|x86.ActiveCfg = Release|Any CPU
		{DAD9ED6F-4B29-E788-56AD-F78953942822}.Release|x86.Build.0 = Release|Any CPU
		{9E1292C1-0624-CAAC-B0AD-0D445707D623}.Debug|Any CPU.ActiveCfg = Debug|Any CPU
		{9E1292C1-0624-CAAC-B0AD-0D445707D623}.Debug|Any CPU.Build.0 = Debug|Any CPU
		{9E1292C1-0624-CAAC-B0AD-0D445707D623}.Debug|x64.ActiveCfg = Debug|Any CPU
		{9E1292C1-0624-CAAC-B0AD-0D445707D623}.Debug|x64.Build.0 = Debug|Any CPU
		{9E1292C1-0624-CAAC-B0AD-0D445707D623}.Debug|x86.ActiveCfg = Debug|Any CPU
		{9E1292C1-0624-CAAC-B0AD-0D445707D623}.Debug|x86.Build.0 = Debug|Any CPU
		{9E1292C1-0624-CAAC-B0AD-0D445707D623}.Release|Any CPU.ActiveCfg = Release|Any CPU
		{9E1292C1-0624-CAAC-B0AD-0D445707D623}.Release|Any CPU.Build.0 = Release|Any CPU
		{9E1292C1-0624-CAAC-B0AD-0D445707D623}.Release|x64.ActiveCfg = Release|Any CPU
		{9E1292C1-0624-CAAC-B0AD-0D445707D623}.Release|x64.Build.0 = Release|Any CPU
		{9E1292C1-0624-CAAC-B0AD-0D445707D623}.Release|x86.ActiveCfg = Release|Any CPU
		{9E1292C1-0624-CAAC-B0AD-0D445707D623}.Release|x86.Build.0 = Release|Any CPU
		{3CE84FFF-35A2-44FD-B173-A72A9A03C672}.Debug|Any CPU.ActiveCfg = Debug|Any CPU
		{3CE84FFF-35A2-44FD-B173-A72A9A03C672}.Debug|Any CPU.Build.0 = Debug|Any CPU
		{3CE84FFF-35A2-44FD-B173-A72A9A03C672}.Debug|x64.ActiveCfg = Debug|Any CPU
		{3CE84FFF-35A2-44FD-B173-A72A9A03C672}.Debug|x64.Build.0 = Debug|Any CPU
		{3CE84FFF-35A2-44FD-B173-A72A9A03C672}.Debug|x86.ActiveCfg = Debug|Any CPU
		{3CE84FFF-35A2-44FD-B173-A72A9A03C672}.Debug|x86.Build.0 = Debug|Any CPU
		{3CE84FFF-35A2-44FD-B173-A72A9A03C672}.Release|Any CPU.ActiveCfg = Release|Any CPU
		{3CE84FFF-35A2-44FD-B173-A72A9A03C672}.Release|Any CPU.Build.0 = Release|Any CPU
		{3CE84FFF-35A2-44FD-B173-A72A9A03C672}.Release|x64.ActiveCfg = Release|Any CPU
		{3CE84FFF-35A2-44FD-B173-A72A9A03C672}.Release|x64.Build.0 = Release|Any CPU
		{3CE84FFF-35A2-44FD-B173-A72A9A03C672}.Release|x86.ActiveCfg = Release|Any CPU
		{3CE84FFF-35A2-44FD-B173-A72A9A03C672}.Release|x86.Build.0 = Release|Any CPU
		{FDE49F90-4FA0-4C77-B97B-52B8372EE6A5}.Debug|Any CPU.ActiveCfg = Debug|Any CPU
		{FDE49F90-4FA0-4C77-B97B-52B8372EE6A5}.Debug|Any CPU.Build.0 = Debug|Any CPU
		{FDE49F90-4FA0-4C77-B97B-52B8372EE6A5}.Debug|x64.ActiveCfg = Debug|Any CPU
		{FDE49F90-4FA0-4C77-B97B-52B8372EE6A5}.Debug|x64.Build.0 = Debug|Any CPU
		{FDE49F90-4FA0-4C77-B97B-52B8372EE6A5}.Debug|x86.ActiveCfg = Debug|Any CPU
		{FDE49F90-4FA0-4C77-B97B-52B8372EE6A5}.Debug|x86.Build.0 = Debug|Any CPU
		{FDE49F90-4FA0-4C77-B97B-52B8372EE6A5}.Release|Any CPU.ActiveCfg = Release|Any CPU
		{FDE49F90-4FA0-4C77-B97B-52B8372EE6A5}.Release|Any CPU.Build.0 = Release|Any CPU
		{FDE49F90-4FA0-4C77-B97B-52B8372EE6A5}.Release|x64.ActiveCfg = Release|Any CPU
		{FDE49F90-4FA0-4C77-B97B-52B8372EE6A5}.Release|x64.Build.0 = Release|Any CPU
		{FDE49F90-4FA0-4C77-B97B-52B8372EE6A5}.Release|x86.ActiveCfg = Release|Any CPU
		{FDE49F90-4FA0-4C77-B97B-52B8372EE6A5}.Release|x86.Build.0 = Release|Any CPU
		{3C5B5F41-8CA5-46AF-8194-86E49B0DFD68}.Debug|Any CPU.ActiveCfg = Debug|Any CPU
		{3C5B5F41-8CA5-46AF-8194-86E49B0DFD68}.Debug|Any CPU.Build.0 = Debug|Any CPU
		{3C5B5F41-8CA5-46AF-8194-86E49B0DFD68}.Debug|x64.ActiveCfg = Debug|Any CPU
		{3C5B5F41-8CA5-46AF-8194-86E49B0DFD68}.Debug|x64.Build.0 = Debug|Any CPU
		{3C5B5F41-8CA5-46AF-8194-86E49B0DFD68}.Debug|x86.ActiveCfg = Debug|Any CPU
		{3C5B5F41-8CA5-46AF-8194-86E49B0DFD68}.Debug|x86.Build.0 = Debug|Any CPU
		{3C5B5F41-8CA5-46AF-8194-86E49B0DFD68}.Release|Any CPU.ActiveCfg = Release|Any CPU
		{3C5B5F41-8CA5-46AF-8194-86E49B0DFD68}.Release|Any CPU.Build.0 = Release|Any CPU
		{3C5B5F41-8CA5-46AF-8194-86E49B0DFD68}.Release|x64.ActiveCfg = Release|Any CPU
		{3C5B5F41-8CA5-46AF-8194-86E49B0DFD68}.Release|x64.Build.0 = Release|Any CPU
		{3C5B5F41-8CA5-46AF-8194-86E49B0DFD68}.Release|x86.ActiveCfg = Release|Any CPU
		{3C5B5F41-8CA5-46AF-8194-86E49B0DFD68}.Release|x86.Build.0 = Release|Any CPU
		{D794E23C-DFC5-4D7C-9D52-077FEB580D08}.Debug|Any CPU.ActiveCfg = Debug|Any CPU
		{D794E23C-DFC5-4D7C-9D52-077FEB580D08}.Debug|Any CPU.Build.0 = Debug|Any CPU
		{D794E23C-DFC5-4D7C-9D52-077FEB580D08}.Debug|x64.ActiveCfg = Debug|Any CPU
		{D794E23C-DFC5-4D7C-9D52-077FEB580D08}.Debug|x64.Build.0 = Debug|Any CPU
		{D794E23C-DFC5-4D7C-9D52-077FEB580D08}.Debug|x86.ActiveCfg = Debug|Any CPU
		{D794E23C-DFC5-4D7C-9D52-077FEB580D08}.Debug|x86.Build.0 = Debug|Any CPU
		{D794E23C-DFC5-4D7C-9D52-077FEB580D08}.Release|Any CPU.ActiveCfg = Release|Any CPU
		{D794E23C-DFC5-4D7C-9D52-077FEB580D08}.Release|Any CPU.Build.0 = Release|Any CPU
		{D794E23C-DFC5-4D7C-9D52-077FEB580D08}.Release|x64.ActiveCfg = Release|Any CPU
		{D794E23C-DFC5-4D7C-9D52-077FEB580D08}.Release|x64.Build.0 = Release|Any CPU
		{D794E23C-DFC5-4D7C-9D52-077FEB580D08}.Release|x86.ActiveCfg = Release|Any CPU
		{D794E23C-DFC5-4D7C-9D52-077FEB580D08}.Release|x86.Build.0 = Release|Any CPU
		{42DAB400-27C8-437E-BC04-8E3A979CF6E2}.Debug|Any CPU.ActiveCfg = Debug|Any CPU
		{42DAB400-27C8-437E-BC04-8E3A979CF6E2}.Debug|Any CPU.Build.0 = Debug|Any CPU
		{42DAB400-27C8-437E-BC04-8E3A979CF6E2}.Debug|x64.ActiveCfg = Debug|Any CPU
		{42DAB400-27C8-437E-BC04-8E3A979CF6E2}.Debug|x64.Build.0 = Debug|Any CPU
		{42DAB400-27C8-437E-BC04-8E3A979CF6E2}.Debug|x86.ActiveCfg = Debug|Any CPU
		{42DAB400-27C8-437E-BC04-8E3A979CF6E2}.Debug|x86.Build.0 = Debug|Any CPU
		{42DAB400-27C8-437E-BC04-8E3A979CF6E2}.Release|Any CPU.ActiveCfg = Release|Any CPU
		{42DAB400-27C8-437E-BC04-8E3A979CF6E2}.Release|Any CPU.Build.0 = Release|Any CPU
		{42DAB400-27C8-437E-BC04-8E3A979CF6E2}.Release|x64.ActiveCfg = Release|Any CPU
		{42DAB400-27C8-437E-BC04-8E3A979CF6E2}.Release|x64.Build.0 = Release|Any CPU
		{42DAB400-27C8-437E-BC04-8E3A979CF6E2}.Release|x86.ActiveCfg = Release|Any CPU
		{42DAB400-27C8-437E-BC04-8E3A979CF6E2}.Release|x86.Build.0 = Release|Any CPU
		{C5E4F3A2-B1D0-4E6F-9A8B-7C0D1E2F3A4B}.Debug|Any CPU.ActiveCfg = Debug|Any CPU
		{C5E4F3A2-B1D0-4E6F-9A8B-7C0D1E2F3A4B}.Debug|Any CPU.Build.0 = Debug|Any CPU
		{C5E4F3A2-B1D0-4E6F-9A8B-7C0D1E2F3A4B}.Debug|x64.ActiveCfg = Debug|Any CPU
		{C5E4F3A2-B1D0-4E6F-9A8B-7C0D1E2F3A4B}.Debug|x64.Build.0 = Debug|Any CPU
		{C5E4F3A2-B1D0-4E6F-9A8B-7C0D1E2F3A4B}.Debug|x86.ActiveCfg = Debug|Any CPU
		{C5E4F3A2-B1D0-4E6F-9A8B-7C0D1E2F3A4B}.Debug|x86.Build.0 = Debug|Any CPU
		{C5E4F3A2-B1D0-4E6F-9A8B-7C0D1E2F3A4B}.Release|Any CPU.ActiveCfg = Release|Any CPU
		{C5E4F3A2-B1D0-4E6F-9A8B-7C0D1E2F3A4B}.Release|Any CPU.Build.0 = Release|Any CPU
		{C5E4F3A2-B1D0-4E6F-9A8B-7C0D1E2F3A4B}.Release|x64.ActiveCfg = Release|Any CPU
		{C5E4F3A2-B1D0-4E6F-9A8B-7C0D1E2F3A4B}.Release|x64.Build.0 = Release|Any CPU
		{C5E4F3A2-B1D0-4E6F-9A8B-7C0D1E2F3A4B}.Release|x86.ActiveCfg = Release|Any CPU
		{C5E4F3A2-B1D0-4E6F-9A8B-7C0D1E2F3A4B}.Release|x86.Build.0 = Release|Any CPU
		{D6F5A4B3-C2E1-5F70-AB9C-8D1E2F3A4B5C}.Debug|Any CPU.ActiveCfg = Debug|Any CPU
		{D6F5A4B3-C2E1-5F70-AB9C-8D1E2F3A4B5C}.Debug|Any CPU.Build.0 = Debug|Any CPU
		{D6F5A4B3-C2E1-5F70-AB9C-8D1E2F3A4B5C}.Debug|x64.ActiveCfg = Debug|Any CPU
		{D6F5A4B3-C2E1-5F70-AB9C-8D1E2F3A4B5C}.Debug|x64.Build.0 = Debug|Any CPU
		{D6F5A4B3-C2E1-5F70-AB9C-8D1E2F3A4B5C}.Debug|x86.ActiveCfg = Debug|Any CPU
		{D6F5A4B3-C2E1-5F70-AB9C-8D1E2F3A4B5C}.Debug|x86.Build.0 = Debug|Any CPU
		{D6F5A4B3-C2E1-5F70-AB9C-8D1E2F3A4B5C}.Release|Any CPU.ActiveCfg = Release|Any CPU
		{D6F5A4B3-C2E1-5F70-AB9C-8D1E2F3A4B5C}.Release|Any CPU.Build.0 = Release|Any CPU
		{D6F5A4B3-C2E1-5F70-AB9C-8D1E2F3A4B5C}.Release|x64.ActiveCfg = Release|Any CPU
		{D6F5A4B3-C2E1-5F70-AB9C-8D1E2F3A4B5C}.Release|x64.Build.0 = Release|Any CPU
		{D6F5A4B3-C2E1-5F70-AB9C-8D1E2F3A4B5C}.Release|x86.ActiveCfg = Release|Any CPU
		{D6F5A4B3-C2E1-5F70-AB9C-8D1E2F3A4B5C}.Release|x86.Build.0 = Release|Any CPU
		{E1A2B3C4-D5E6-F7A8-B9C0-D1E2F3A4B5C6}.Debug|Any CPU.ActiveCfg = Debug|Any CPU
		{E1A2B3C4-D5E6-F7A8-B9C0-D1E2F3A4B5C6}.Debug|Any CPU.Build.0 = Debug|Any CPU
		{E1A2B3C4-D5E6-F7A8-B9C0-D1E2F3A4B5C6}.Debug|x64.ActiveCfg = Debug|Any CPU
		{E1A2B3C4-D5E6-F7A8-B9C0-D1E2F3A4B5C6}.Debug|x64.Build.0 = Debug|Any CPU
		{E1A2B3C4-D5E6-F7A8-B9C0-D1E2F3A4B5C6}.Debug|x86.ActiveCfg = Debug|Any CPU
		{E1A2B3C4-D5E6-F7A8-B9C0-D1E2F3A4B5C6}.Debug|x86.Build.0 = Debug|Any CPU
		{E1A2B3C4-D5E6-F7A8-B9C0-D1E2F3A4B5C6}.Release|Any CPU.ActiveCfg = Release|Any CPU
		{E1A2B3C4-D5E6-F7A8-B9C0-D1E2F3A4B5C6}.Release|Any CPU.Build.0 = Release|Any CPU
		{E1A2B3C4-D5E6-F7A8-B9C0-D1E2F3A4B5C6}.Release|x64.ActiveCfg = Release|Any CPU
		{E1A2B3C4-D5E6-F7A8-B9C0-D1E2F3A4B5C6}.Release|x64.Build.0 = Release|Any CPU
		{E1A2B3C4-D5E6-F7A8-B9C0-D1E2F3A4B5C6}.Release|x86.ActiveCfg = Release|Any CPU
		{E1A2B3C4-D5E6-F7A8-B9C0-D1E2F3A4B5C6}.Release|x86.Build.0 = Release|Any CPU
		{B7A8C9D0-E1F2-3456-7890-ABCDEF012345}.Debug|Any CPU.ActiveCfg = Debug|Any CPU
		{B7A8C9D0-E1F2-3456-7890-ABCDEF012345}.Debug|Any CPU.Build.0 = Debug|Any CPU
		{B7A8C9D0-E1F2-3456-7890-ABCDEF012345}.Debug|x64.ActiveCfg = Debug|Any CPU
		{B7A8C9D0-E1F2-3456-7890-ABCDEF012345}.Debug|x64.Build.0 = Debug|Any CPU
		{B7A8C9D0-E1F2-3456-7890-ABCDEF012345}.Debug|x86.ActiveCfg = Debug|Any CPU
		{B7A8C9D0-E1F2-3456-7890-ABCDEF012345}.Debug|x86.Build.0 = Debug|Any CPU
		{B7A8C9D0-E1F2-3456-7890-ABCDEF012345}.Release|Any CPU.ActiveCfg = Release|Any CPU
		{B7A8C9D0-E1F2-3456-7890-ABCDEF012345}.Release|Any CPU.Build.0 = Release|Any CPU
		{B7A8C9D0-E1F2-3456-7890-ABCDEF012345}.Release|x64.ActiveCfg = Release|Any CPU
		{B7A8C9D0-E1F2-3456-7890-ABCDEF012345}.Release|x64.Build.0 = Release|Any CPU
		{B7A8C9D0-E1F2-3456-7890-ABCDEF012345}.Release|x86.ActiveCfg = Release|Any CPU
		{B7A8C9D0-E1F2-3456-7890-ABCDEF012345}.Release|x86.Build.0 = Release|Any CPU
		{F2B3C4D5-E6F7-A8B9-C0D1-E2F3A4B5C6D7}.Debug|Any CPU.ActiveCfg = Debug|Any CPU
		{F2B3C4D5-E6F7-A8B9-C0D1-E2F3A4B5C6D7}.Debug|Any CPU.Build.0 = Debug|Any CPU
		{F2B3C4D5-E6F7-A8B9-C0D1-E2F3A4B5C6D7}.Debug|x64.ActiveCfg = Debug|Any CPU
		{F2B3C4D5-E6F7-A8B9-C0D1-E2F3A4B5C6D7}.Debug|x64.Build.0 = Debug|Any CPU
		{F2B3C4D5-E6F7-A8B9-C0D1-E2F3A4B5C6D7}.Debug|x86.ActiveCfg = Debug|Any CPU
		{F2B3C4D5-E6F7-A8B9-C0D1-E2F3A4B5C6D7}.Debug|x86.Build.0 = Debug|Any CPU
		{F2B3C4D5-E6F7-A8B9-C0D1-E2F3A4B5C6D7}.Release|Any CPU.ActiveCfg = Release|Any CPU
		{F2B3C4D5-E6F7-A8B9-C0D1-E2F3A4B5C6D7}.Release|Any CPU.Build.0 = Release|Any CPU
		{F2B3C4D5-E6F7-A8B9-C0D1-E2F3A4B5C6D7}.Release|x64.ActiveCfg = Release|Any CPU
		{F2B3C4D5-E6F7-A8B9-C0D1-E2F3A4B5C6D7}.Release|x64.Build.0 = Release|Any CPU
		{F2B3C4D5-E6F7-A8B9-C0D1-E2F3A4B5C6D7}.Release|x86.ActiveCfg = Release|Any CPU
		{F2B3C4D5-E6F7-A8B9-C0D1-E2F3A4B5C6D7}.Release|x86.Build.0 = Release|Any CPU
		{50B39FA4-8C9A-448F-A3E9-2D6E887A5277}.Debug|Any CPU.ActiveCfg = Debug|Any CPU
		{50B39FA4-8C9A-448F-A3E9-2D6E887A5277}.Debug|Any CPU.Build.0 = Debug|Any CPU
		{50B39FA4-8C9A-448F-A3E9-2D6E887A5277}.Debug|x64.ActiveCfg = Debug|Any CPU
		{50B39FA4-8C9A-448F-A3E9-2D6E887A5277}.Debug|x64.Build.0 = Debug|Any CPU
		{50B39FA4-8C9A-448F-A3E9-2D6E887A5277}.Debug|x86.ActiveCfg = Debug|Any CPU
		{50B39FA4-8C9A-448F-A3E9-2D6E887A5277}.Debug|x86.Build.0 = Debug|Any CPU
		{50B39FA4-8C9A-448F-A3E9-2D6E887A5277}.Release|Any CPU.ActiveCfg = Release|Any CPU
		{50B39FA4-8C9A-448F-A3E9-2D6E887A5277}.Release|Any CPU.Build.0 = Release|Any CPU
		{50B39FA4-8C9A-448F-A3E9-2D6E887A5277}.Release|x64.ActiveCfg = Release|Any CPU
		{50B39FA4-8C9A-448F-A3E9-2D6E887A5277}.Release|x64.Build.0 = Release|Any CPU
		{50B39FA4-8C9A-448F-A3E9-2D6E887A5277}.Release|x86.ActiveCfg = Release|Any CPU
		{50B39FA4-8C9A-448F-A3E9-2D6E887A5277}.Release|x86.Build.0 = Release|Any CPU
		{DDD9596F-C014-4500-AA94-14B3379D4BC0}.Debug|Any CPU.ActiveCfg = Debug|Any CPU
		{DDD9596F-C014-4500-AA94-14B3379D4BC0}.Debug|Any CPU.Build.0 = Debug|Any CPU
		{DDD9596F-C014-4500-AA94-14B3379D4BC0}.Debug|x64.ActiveCfg = Debug|Any CPU
		{DDD9596F-C014-4500-AA94-14B3379D4BC0}.Debug|x64.Build.0 = Debug|Any CPU
		{DDD9596F-C014-4500-AA94-14B3379D4BC0}.Debug|x86.ActiveCfg = Debug|Any CPU
		{DDD9596F-C014-4500-AA94-14B3379D4BC0}.Debug|x86.Build.0 = Debug|Any CPU
		{DDD9596F-C014-4500-AA94-14B3379D4BC0}.Release|Any CPU.ActiveCfg = Release|Any CPU
		{DDD9596F-C014-4500-AA94-14B3379D4BC0}.Release|Any CPU.Build.0 = Release|Any CPU
		{DDD9596F-C014-4500-AA94-14B3379D4BC0}.Release|x64.ActiveCfg = Release|Any CPU
		{DDD9596F-C014-4500-AA94-14B3379D4BC0}.Release|x64.Build.0 = Release|Any CPU
		{DDD9596F-C014-4500-AA94-14B3379D4BC0}.Release|x86.ActiveCfg = Release|Any CPU
		{DDD9596F-C014-4500-AA94-14B3379D4BC0}.Release|x86.Build.0 = Release|Any CPU
		{8C8D1C2E-2F68-4842-929E-2167F7E7AFC8}.Debug|Any CPU.ActiveCfg = Debug|Any CPU
		{8C8D1C2E-2F68-4842-929E-2167F7E7AFC8}.Debug|Any CPU.Build.0 = Debug|Any CPU
		{8C8D1C2E-2F68-4842-929E-2167F7E7AFC8}.Debug|x64.ActiveCfg = Debug|Any CPU
		{8C8D1C2E-2F68-4842-929E-2167F7E7AFC8}.Debug|x64.Build.0 = Debug|Any CPU
		{8C8D1C2E-2F68-4842-929E-2167F7E7AFC8}.Debug|x86.ActiveCfg = Debug|Any CPU
		{8C8D1C2E-2F68-4842-929E-2167F7E7AFC8}.Debug|x86.Build.0 = Debug|Any CPU
		{8C8D1C2E-2F68-4842-929E-2167F7E7AFC8}.Release|Any CPU.ActiveCfg = Release|Any CPU
		{8C8D1C2E-2F68-4842-929E-2167F7E7AFC8}.Release|Any CPU.Build.0 = Release|Any CPU
		{8C8D1C2E-2F68-4842-929E-2167F7E7AFC8}.Release|x64.ActiveCfg = Release|Any CPU
		{8C8D1C2E-2F68-4842-929E-2167F7E7AFC8}.Release|x64.Build.0 = Release|Any CPU
		{8C8D1C2E-2F68-4842-929E-2167F7E7AFC8}.Release|x86.ActiveCfg = Release|Any CPU
		{8C8D1C2E-2F68-4842-929E-2167F7E7AFC8}.Release|x86.Build.0 = Release|Any CPU
		{BA9810F4-C216-4830-BA60-90EFD634C585}.Debug|Any CPU.ActiveCfg = Debug|Any CPU
		{BA9810F4-C216-4830-BA60-90EFD634C585}.Debug|Any CPU.Build.0 = Debug|Any CPU
		{BA9810F4-C216-4830-BA60-90EFD634C585}.Debug|x64.ActiveCfg = Debug|Any CPU
		{BA9810F4-C216-4830-BA60-90EFD634C585}.Debug|x64.Build.0 = Debug|Any CPU
		{BA9810F4-C216-4830-BA60-90EFD634C585}.Debug|x86.ActiveCfg = Debug|Any CPU
		{BA9810F4-C216-4830-BA60-90EFD634C585}.Debug|x86.Build.0 = Debug|Any CPU
		{BA9810F4-C216-4830-BA60-90EFD634C585}.Release|Any CPU.ActiveCfg = Release|Any CPU
		{BA9810F4-C216-4830-BA60-90EFD634C585}.Release|Any CPU.Build.0 = Release|Any CPU
		{BA9810F4-C216-4830-BA60-90EFD634C585}.Release|x64.ActiveCfg = Release|Any CPU
		{BA9810F4-C216-4830-BA60-90EFD634C585}.Release|x64.Build.0 = Release|Any CPU
		{BA9810F4-C216-4830-BA60-90EFD634C585}.Release|x86.ActiveCfg = Release|Any CPU
		{BA9810F4-C216-4830-BA60-90EFD634C585}.Release|x86.Build.0 = Release|Any CPU
		{66717C77-CB59-4520-8407-0F061AD9E0D5}.Debug|Any CPU.ActiveCfg = Debug|Any CPU
		{66717C77-CB59-4520-8407-0F061AD9E0D5}.Debug|Any CPU.Build.0 = Debug|Any CPU
		{66717C77-CB59-4520-8407-0F061AD9E0D5}.Debug|x64.ActiveCfg = Debug|Any CPU
		{66717C77-CB59-4520-8407-0F061AD9E0D5}.Debug|x64.Build.0 = Debug|Any CPU
		{66717C77-CB59-4520-8407-0F061AD9E0D5}.Debug|x86.ActiveCfg = Debug|Any CPU
		{66717C77-CB59-4520-8407-0F061AD9E0D5}.Debug|x86.Build.0 = Debug|Any CPU
		{66717C77-CB59-4520-8407-0F061AD9E0D5}.Release|Any CPU.ActiveCfg = Release|Any CPU
		{66717C77-CB59-4520-8407-0F061AD9E0D5}.Release|Any CPU.Build.0 = Release|Any CPU
		{66717C77-CB59-4520-8407-0F061AD9E0D5}.Release|x64.ActiveCfg = Release|Any CPU
		{66717C77-CB59-4520-8407-0F061AD9E0D5}.Release|x64.Build.0 = Release|Any CPU
		{66717C77-CB59-4520-8407-0F061AD9E0D5}.Release|x86.ActiveCfg = Release|Any CPU
		{66717C77-CB59-4520-8407-0F061AD9E0D5}.Release|x86.Build.0 = Release|Any CPU
		{B1A57864-EAA0-4F7D-8711-3F477CC1E55B}.Debug|Any CPU.ActiveCfg = Debug|Any CPU
		{B1A57864-EAA0-4F7D-8711-3F477CC1E55B}.Debug|Any CPU.Build.0 = Debug|Any CPU
		{B1A57864-EAA0-4F7D-8711-3F477CC1E55B}.Debug|x64.ActiveCfg = Debug|Any CPU
		{B1A57864-EAA0-4F7D-8711-3F477CC1E55B}.Debug|x64.Build.0 = Debug|Any CPU
		{B1A57864-EAA0-4F7D-8711-3F477CC1E55B}.Debug|x86.ActiveCfg = Debug|Any CPU
		{B1A57864-EAA0-4F7D-8711-3F477CC1E55B}.Debug|x86.Build.0 = Debug|Any CPU
		{B1A57864-EAA0-4F7D-8711-3F477CC1E55B}.Release|Any CPU.ActiveCfg = Release|Any CPU
		{B1A57864-EAA0-4F7D-8711-3F477CC1E55B}.Release|Any CPU.Build.0 = Release|Any CPU
		{B1A57864-EAA0-4F7D-8711-3F477CC1E55B}.Release|x64.ActiveCfg = Release|Any CPU
		{B1A57864-EAA0-4F7D-8711-3F477CC1E55B}.Release|x64.Build.0 = Release|Any CPU
		{B1A57864-EAA0-4F7D-8711-3F477CC1E55B}.Release|x86.ActiveCfg = Release|Any CPU
		{B1A57864-EAA0-4F7D-8711-3F477CC1E55B}.Release|x86.Build.0 = Release|Any CPU
	EndGlobalSection
	GlobalSection(SolutionProperties) = preSolution
		HideSolutionNode = FALSE
	EndGlobalSection
	GlobalSection(NestedProjects) = preSolution
		{6EB24346-4374-4F27-B55B-80ACDBAC7369} = {0AB3BF05-4346-4AA6-1389-037BE0695223}
		{01FCC96C-D3F5-43FE-94EF-939F80E2AE0F} = {2985B926-AB16-47F8-85F9-3B33CE2DEC35}
		{0C6CE800-D744-44B7-B716-C80004B5D9C9} = {0AB3BF05-4346-4AA6-1389-037BE0695223}
		{DAD9ED6F-4B29-E788-56AD-F78953942822} = {827E0CD3-B72D-47B6-A68D-7590B98EB39B}
		{9E1292C1-0624-CAAC-B0AD-0D445707D623} = {827E0CD3-B72D-47B6-A68D-7590B98EB39B}
		{3CE84FFF-35A2-44FD-B173-A72A9A03C672} = {827E0CD3-B72D-47B6-A68D-7590B98EB39B}
		{FDE49F90-4FA0-4C77-B97B-52B8372EE6A5} = {0AB3BF05-4346-4AA6-1389-037BE0695223}
		{3C5B5F41-8CA5-46AF-8194-86E49B0DFD68} = {2985B926-AB16-47F8-85F9-3B33CE2DEC35}
		{D794E23C-DFC5-4D7C-9D52-077FEB580D08} = {827E0CD3-B72D-47B6-A68D-7590B98EB39B}
		{42DAB400-27C8-437E-BC04-8E3A979CF6E2} = {0AB3BF05-4346-4AA6-1389-037BE0695223}
		{C5E4F3A2-B1D0-4E6F-9A8B-7C0D1E2F3A4B} = {827E0CD3-B72D-47B6-A68D-7590B98EB39B}
		{D6F5A4B3-C2E1-5F70-AB9C-8D1E2F3A4B5C} = {0AB3BF05-4346-4AA6-1389-037BE0695223}
		{E1A2B3C4-D5E6-F7A8-B9C0-D1E2F3A4B5C6} = {827E0CD3-B72D-47B6-A68D-7590B98EB39B}
		{B7A8C9D0-E1F2-3456-7890-ABCDEF012345} = {827E0CD3-B72D-47B6-A68D-7590B98EB39B}
		{F2B3C4D5-E6F7-A8B9-C0D1-E2F3A4B5C6D7} = {0AB3BF05-4346-4AA6-1389-037BE0695223}
		{50B39FA4-8C9A-448F-A3E9-2D6E887A5277} = {0AB3BF05-4346-4AA6-1389-037BE0695223}
		{DDD9596F-C014-4500-AA94-14B3379D4BC0} = {827E0CD3-B72D-47B6-A68D-7590B98EB39B}
		{8C8D1C2E-2F68-4842-929E-2167F7E7AFC8} = {2985B926-AB16-47F8-85F9-3B33CE2DEC35}
		{BA9810F4-C216-4830-BA60-90EFD634C585} = {2985B926-AB16-47F8-85F9-3B33CE2DEC35}
		{66717C77-CB59-4520-8407-0F061AD9E0D5} = {827E0CD3-B72D-47B6-A68D-7590B98EB39B}
		{B1A57864-EAA0-4F7D-8711-3F477CC1E55B} = {0AB3BF05-4346-4AA6-1389-037BE0695223}
	EndGlobalSection
	GlobalSection(ExtensibilityGlobals) = postSolution
		SolutionGuid = {4792301C-8894-47EF-B01A-714CAD3CFFA9}
	EndGlobalSection
EndGlobal
