Microsoft Visual Studio Solution File, Format Version 12.00
# Visual Studio Version 17
VisualStudioVersion = 17.5.2.0
MinimumVisualStudioVersion = 10.0.40219.1
Project("{FAE04EC0-301F-11D3-BF4B-00C04F79EFBC}") = "FastMinimalAPI.REslava.Result.Demo", "FastMinimalAPI.REslava.Result.Demo.csproj", "{7A3D311C-D5F5-B608-6FEF-DDC4A5D29BDB}"
EndProject
Global
	GlobalSection(SolutionConfigurationPlatforms) = preSolution
		Debug|Any CPU = Debug|Any CPU
		Release|Any CPU = Release|Any CPU
	EndGlobalSection
	GlobalSection(ProjectConfigurationPlatforms) = postSolution
		{7A3D311C-D5F5-B608-6FEF-DDC4A5D29BDB}.Debug|Any CPU.ActiveCfg = Debug|Any CPU
		{7A3D311C-D5F5-B608-6FEF-DDC4A5D29BDB}.Debug|Any CPU.Build.0 = Debug|Any CPU
		{7A3D311C-D5F5-B608-6FEF-DDC4A5D29BDB}.Release|Any CPU.ActiveCfg = Release|Any CPU
		{7A3D311C-D5F5-B608-6FEF-DDC4A5D29BDB}.Release|Any CPU.Build.0 = Release|Any CPU
	EndGlobalSection
	GlobalSection(SolutionProperties) = preSolution
		HideSolutionNode = FALSE
	EndGlobalSection
	GlobalSection(ExtensibilityGlobals) = postSolution
		SolutionGuid = {D035FC1B-96D2-41D6-9D35-A3E05F5E7038}
	EndGlobalSection
EndGlobal
